# This file is generated by running "yarn install" inside your project.
# Manual changes might be lost - proceed with caution!

__metadata:
  version: 7
  cacheKey: 9

"agent-base@npm:^7.0.2":
  version: 7.1.0
  resolution: "agent-base@npm:7.1.0"
  dependencies:
    debug: "npm:^4.3.4"
  checksum: d1c9dc1b33f675df816ef3556c34533dae85f71bea4c22b6e1d4716fdf97cb34d24c1cb9d43fae0a3d148675e1cb8dd3f45813cf3e42139edd6680a77deff660
  languageName: node
  linkType: hard

"base64-js@npm:^1.3.0":
  version: 1.5.1
  resolution: "base64-js@npm:1.5.1"
  checksum: fbd7996978cfe0dd378103fa8999e4acee99b8840d49f452457fa8cb418bad4c20ec9ef6b196a0dc63591f0416a4b8c8d220607292cdaf3998b88685bc0f6c14
  languageName: node
  linkType: hard

"bignumber.js@npm:^9.0.0":
  version: 9.1.2
  resolution: "bignumber.js@npm:9.1.2"
  checksum: 4094a36bc4441d9bf812b76a1174f4d7ff8588c2c3f31a80693c32557a9c564d3408c9980e0e87ed017b1914eb73803457abe17d407c4bf8331a64a1e38b8071
  languageName: node
  linkType: hard

"buffer-equal-constant-time@npm:1.0.1":
  version: 1.0.1
  resolution: "buffer-equal-constant-time@npm:1.0.1"
  checksum: a332947bb8535207d934b3a3f94528669631dc590bed11041f067c4b6400eb96fbf7a2a14a43a88d0ba96af45c35b5f74101e3e42292c40eb57044cff57101dc
  languageName: node
  linkType: hard

"call-bind@npm:^1.0.0":
  version: 1.0.5
  resolution: "call-bind@npm:1.0.5"
  dependencies:
    function-bind: "npm:^1.1.2"
    get-intrinsic: "npm:^1.2.1"
    set-function-length: "npm:^1.1.1"
  checksum: 878d30c1f2b67a45f65dc75128fb3db9122ae125da8d44c6488d715df992621d9c3c53a212e4b21aedf03e6b9b06c8f3c1ca5f192597931f4683bfb372e06b5b
  languageName: node
  linkType: hard

"dayjs@npm:^1.11.10":
  version: 1.11.10
  resolution: "dayjs@npm:1.11.10"
  checksum: 634d270e4c3ee09cdb9c9c0195b1963f4a2d63a0627f30650841ecec92d8804a11547bec4e513e7e4fe159bf9bb8249abddf759a1e736eb2f5bc856b653eaf07
  languageName: node
  linkType: hard

"debug@npm:4, debug@npm:^4.3.4":
  version: 4.3.4
  resolution: "debug@npm:4.3.4"
  dependencies:
    ms: "npm:2.1.2"
  peerDependenciesMeta:
    supports-color:
      optional: true
  checksum: ab50d98b6f2a0e803379e8f789017f4215efd0e085774623e462c691e9f99bfd359a35f7424ff401da3ea58b31f89ceebc9ea35779b4a94f78b0ee3e235b6640
  languageName: node
  linkType: hard

"define-data-property@npm:^1.1.1":
  version: 1.1.1
  resolution: "define-data-property@npm:1.1.1"
  dependencies:
    get-intrinsic: "npm:^1.2.1"
    gopd: "npm:^1.0.1"
    has-property-descriptors: "npm:^1.0.0"
  checksum: ba1eff4710cc7e184aa0353877a746e1c16d119c81a7cb891c9dcdf706627106efb16c922d2919079616971368ee1c68aba483f369168598d2e84723fd157fac
  languageName: node
  linkType: hard

"ecdsa-sig-formatter@npm:1.0.11, ecdsa-sig-formatter@npm:^1.0.11":
  version: 1.0.11
  resolution: "ecdsa-sig-formatter@npm:1.0.11"
  dependencies:
    safe-buffer: "npm:^5.0.1"
  checksum: 71a935b306ac9b3ad23233e629f78bea91f4272a0a89d1508b1dfc0bfa2cc6388d10d835ce410b861119497a29bc97bd1ab89fc7b65a3d97fdb15205fac94161
  languageName: node
  linkType: hard

"extend@npm:^3.0.2":
  version: 3.0.2
  resolution: "extend@npm:3.0.2"
  checksum: 312babdc3cfd8d5d003b109f02b8b639e8bdf2262f2f06acebfc3c991d8c004b73c2c10eaaaab00cfb2fb2a760845006806af10945b279d9390eed064505dfdb
  languageName: node
  linkType: hard

"function-bind@npm:^1.1.2":
  version: 1.1.2
  resolution: "function-bind@npm:1.1.2"
  checksum: 0b7e4d0c3fcfa16999aceaadd1ae760404ef10b98f88d992971de3e4f4d79079651eeec472971ea02a300ffcddd44adcd33d3c39c735d2784d6ad3e711e4ddd0
  languageName: node
  linkType: hard

"gaxios@npm:^6.0.0, gaxios@npm:^6.0.3, gaxios@npm:^6.1.1":
  version: 6.1.1
  resolution: "gaxios@npm:6.1.1"
  dependencies:
    extend: "npm:^3.0.2"
    https-proxy-agent: "npm:^7.0.1"
    is-stream: "npm:^2.0.0"
    node-fetch: "npm:^2.6.9"
  checksum: 1c56647046523f45b77e5dc28268b630370deee1da85de028e94747b43d10ee4a64ef2f46390ab8c6cba862c3166f31e86eaeca6f4660ec54d8262975970a2e3
  languageName: node
  linkType: hard

"gcp-metadata@npm:^6.1.0":
  version: 6.1.0
  resolution: "gcp-metadata@npm:6.1.0"
  dependencies:
    gaxios: "npm:^6.0.0"
    json-bigint: "npm:^1.0.0"
  checksum: 1712fbb310c0cac8f96204f20b6cbf17a67bf97afca749be3bd584eb78c6bdfe2bef56bf95fccaac0ceb5ef8bfe3feb6eb9b09e054f12f14ad6520e00f60ec90
  languageName: node
  linkType: hard

"gdrive-mover@workspace:.":
  version: 0.0.0-use.local
  resolution: "gdrive-mover@workspace:."
  dependencies:
    dayjs: "npm:^1.11.10"
    googleapis: "npm:^129.0.0"
  languageName: unknown
  linkType: soft

"get-intrinsic@npm:^1.0.2, get-intrinsic@npm:^1.1.3, get-intrinsic@npm:^1.2.1, get-intrinsic@npm:^1.2.2":
  version: 1.2.2
  resolution: "get-intrinsic@npm:1.2.2"
  dependencies:
    function-bind: "npm:^1.1.2"
    has-proto: "npm:^1.0.1"
    has-symbols: "npm:^1.0.3"
    hasown: "npm:^2.0.0"
  checksum: 7349572717dd168b257ec3e6ad66dda9272bf14e2940aa4880918df2b885f2dd446f1ea32e36c485e76dbb974c8efd6640b60fc32ace8580d37364f900773974
  languageName: node
  linkType: hard

"google-auth-library@npm:^9.0.0":
  version: 9.4.1
  resolution: "google-auth-library@npm:9.4.1"
  dependencies:
    base64-js: "npm:^1.3.0"
    ecdsa-sig-formatter: "npm:^1.0.11"
    gaxios: "npm:^6.1.1"
    gcp-metadata: "npm:^6.1.0"
    gtoken: "npm:^7.0.0"
    jws: "npm:^4.0.0"
  checksum: 18d906ccd1271cd329867896255d79ebf6807790200c26d76a533ff96d9ad3f64047b554ca0f8ade8bc807e09870f49963440bdf633e131510810e0720b85f08
  languageName: node
  linkType: hard

"googleapis-common@npm:^7.0.0":
  version: 7.0.1
  resolution: "googleapis-common@npm:7.0.1"
  dependencies:
    extend: "npm:^3.0.2"
    gaxios: "npm:^6.0.3"
    google-auth-library: "npm:^9.0.0"
    qs: "npm:^6.7.0"
    url-template: "npm:^2.0.8"
    uuid: "npm:^9.0.0"
  checksum: 6758bd217a06dedba0b381cf429fc38c5508d64f924ced6eb1fbcd37392bddd73e690f1bfe14f789bc4f092f0d829f76b3541313e981f87a5c920edf85a37fec
  languageName: node
  linkType: hard

"googleapis@npm:^129.0.0":
  version: 129.0.0
  resolution: "googleapis@npm:129.0.0"
  dependencies:
    google-auth-library: "npm:^9.0.0"
    googleapis-common: "npm:^7.0.0"
  checksum: eb4d89971b69f8d2329b3eb437e0b9580d312601883f5b72d58b170fa806cec8610cb974e8670eb8787e1f33ce13a51da861c566db14443104c1a141fc648fc1
  languageName: node
  linkType: hard

"gopd@npm:^1.0.1":
  version: 1.0.1
  resolution: "gopd@npm:1.0.1"
  dependencies:
    get-intrinsic: "npm:^1.1.3"
  checksum: c29f62be0655b0fb6d12d1ba77b1a40fee46fbb80f0a27e0538b696a0ac057899dd997b5aaf3c6daa02bd51af93ec7b8fe2ef7bbb44945c1ea3cf640e4b66cf7
  languageName: node
  linkType: hard

"gtoken@npm:^7.0.0":
  version: 7.0.1
  resolution: "gtoken@npm:7.0.1"
  dependencies:
    gaxios: "npm:^6.0.0"
    jws: "npm:^4.0.0"
  checksum: e6c639b726dc40166f58cdbd33f96898a31b1aae3f96bf0a55244835499729c96edb5338a8d52595079d5a5750461b349d0eb7d2bfc5533698a95d95fb9b7494
  languageName: node
  linkType: hard

"has-property-descriptors@npm:^1.0.0":
  version: 1.0.1
  resolution: "has-property-descriptors@npm:1.0.1"
  dependencies:
    get-intrinsic: "npm:^1.2.2"
  checksum: b626414717cc86d46442cb1b893af63b8f8408f91ef9db56cb894662382cb72907c4dc7e249dec445e8fd756e73d8ee188f73621ff89ab302d752963f8b87624
  languageName: node
  linkType: hard

"has-proto@npm:^1.0.1":
  version: 1.0.1
  resolution: "has-proto@npm:1.0.1"
  checksum: 0aa0de6013c2132a79fb8b885dc0274b99362807195bed0c69e2469eb0de41bf1695067d5e41adcd4bbd8daed8684250716c55db17478249f225ae3d0846e6bf
  languageName: node
  linkType: hard

"has-symbols@npm:^1.0.3":
  version: 1.0.3
  resolution: "has-symbols@npm:1.0.3"
  checksum: 2d0abb3382da2945b1b8d9a4afebc8a0770fe07198e727b4fbd7f616c70796f040bf2bd8d6db47e0c590507812a2680594fc77f871238289f6c7870318cf62c9
  languageName: node
  linkType: hard

"hasown@npm:^2.0.0":
  version: 2.0.0
  resolution: "hasown@npm:2.0.0"
  dependencies:
    function-bind: "npm:^1.1.2"
  checksum: 99a39452e239bd0400822554cd6a745c696820b5d5b2d0fa6f6feefa8d4ff712378a5e70f8d022817b17e5a07213d6e2a287fcbec09f298717ca42dcade0d563
  languageName: node
  linkType: hard

"https-proxy-agent@npm:^7.0.1":
  version: 7.0.2
  resolution: "https-proxy-agent@npm:7.0.2"
  dependencies:
    agent-base: "npm:^7.0.2"
    debug: "npm:4"
  checksum: 5ac70e7c99d7ef1828c327d571fda96c590bd319841afa8376db5ec38bcc34786013ef09cfad4c3732681d13e5da31a433dc86d1c2c6d29b9d363af0eccf85d6
  languageName: node
  linkType: hard

"is-stream@npm:^2.0.0":
  version: 2.0.1
  resolution: "is-stream@npm:2.0.1"
  checksum: 763e33689433924775b560e63fb7c0f7fae6cbc54fd9c410bb3536341b96fca85ce26720ba13ffb9b46446bdf540308771fe5910462b47b1e7d4c42dbd230f46
  languageName: node
  linkType: hard

"json-bigint@npm:^1.0.0":
  version: 1.0.0
  resolution: "json-bigint@npm:1.0.0"
  dependencies:
    bignumber.js: "npm:^9.0.0"
  checksum: 6e40674d13a63ea28017694c6a8cd17953be9cdba4a3b3a3d8bdb4ef3229dc0307b278a2a301b9533b6d1ac60609361e2d3bb08436a7d5d04184af23938b617e
  languageName: node
  linkType: hard

"jwa@npm:^2.0.0":
  version: 2.0.0
  resolution: "jwa@npm:2.0.0"
  dependencies:
    buffer-equal-constant-time: "npm:1.0.1"
    ecdsa-sig-formatter: "npm:1.0.11"
    safe-buffer: "npm:^5.0.1"
  checksum: 388bebe6a3c30494691afcb9518344cf7e1afa59721bb84fdeaf69648031db98b7fcc78de943fcadc2f489d443fa3b4e83ddfa4d4007528cd10177c0955af9a2
  languageName: node
  linkType: hard

"jws@npm:^4.0.0":
  version: 4.0.0
  resolution: "jws@npm:4.0.0"
  dependencies:
    jwa: "npm:^2.0.0"
    safe-buffer: "npm:^5.0.1"
  checksum: 5d05639d4f22ff1d4529119fbf1015e67e8b470b7dad0e463e9f257bb35a83be1c39a1125a164a11637362bb396c3acd14b96444531f0257010d1cbecb1ad78f
  languageName: node
  linkType: hard

"ms@npm:2.1.2":
  version: 2.1.2
  resolution: "ms@npm:2.1.2"
  checksum: 3f46af60a08158f1c77746c06c2f6c7aba7feddafd41335f9baa2d7e0741d7539774aa7d5d1661a7f2b7eed55a7063771297eea016051924dbb04d4c2bf40bcb
  languageName: node
  linkType: hard

"node-fetch@npm:^2.6.9":
  version: 2.7.0
  resolution: "node-fetch@npm:2.7.0"
  dependencies:
    whatwg-url: "npm:^5.0.0"
  peerDependencies:
    encoding: ^0.1.0
  peerDependenciesMeta:
    encoding:
      optional: true
  checksum: a3ad7889038bf6c49046272515d4f0e3167088b40fd37e1cc6eeea745f5a68cec798d55ac3210e2bc51891cb745e3dc30a734cc5f4b4df764f45886881b198b1
  languageName: node
  linkType: hard

"object-inspect@npm:^1.9.0":
  version: 1.13.1
  resolution: "object-inspect@npm:1.13.1"
  checksum: 2ac4bd143e9dbcd5c6e91a4617ab4f6b21deee4651bbdbf64db9d81dee700dae94bc6f0f3cfa63ae52d95fb63b3253257dedeca35aa7b1bca1f959b9d9489e5a
  languageName: node
  linkType: hard

"qs@npm:^6.7.0":
  version: 6.11.2
  resolution: "qs@npm:6.11.2"
  dependencies:
    side-channel: "npm:^1.0.4"
  checksum: 8a38f195494700a656b9e3c0d05d5c44fdd59c4ae9d66b4239d4a7fa38d0867b4ca794c00c45fccb3435aebe046304b7f5ccf558f2c0bc56b793407f282da086
  languageName: node
  linkType: hard

"safe-buffer@npm:^5.0.1":
  version: 5.2.1
  resolution: "safe-buffer@npm:5.2.1"
  checksum: da8a21b3336a21c152eb3ba8ab41acde5772644f026d4b6e5f9fd8afa4f0cf407c113b19a362580fab9aea8beea295465432fc7684f9ff38aac559bb1b5528cd
  languageName: node
  linkType: hard

"set-function-length@npm:^1.1.1":
  version: 1.1.1
  resolution: "set-function-length@npm:1.1.1"
  dependencies:
    define-data-property: "npm:^1.1.1"
    get-intrinsic: "npm:^1.2.1"
    gopd: "npm:^1.0.1"
    has-property-descriptors: "npm:^1.0.0"
  checksum: 7e1b50998678d1279dfca46588cf68681b0146023fdf609c6b8ab0323108c04ed3ded80c5764286a85913bffc20b33b323c712d7f03e60f44bfa70a948c9c0c4
  languageName: node
  linkType: hard

"side-channel@npm:^1.0.4":
  version: 1.0.4
  resolution: "side-channel@npm:1.0.4"
  dependencies:
    call-bind: "npm:^1.0.0"
    get-intrinsic: "npm:^1.0.2"
    object-inspect: "npm:^1.9.0"
  checksum: d712a4e682471c1a1c7bf9294a8bb0f066566e016de11fdb01ae0c0ebf8102c97cc2b2d3b0264ca377eb2d3444bf4c06909392c518a162f047b7444608e0e9a2
  languageName: node
  linkType: hard

"tr46@npm:~0.0.3":
  version: 0.0.3
  resolution: "tr46@npm:0.0.3"
  checksum: c670667f2df1c0983b48ee7e81d6013ab304f73573e9e4292233821b2219504307bedffc303c32df30813a9138114b8b084c81dea94fb68f08aca7770af98578
  languageName: node
  linkType: hard

"url-template@npm:^2.0.8":
  version: 2.0.8
  resolution: "url-template@npm:2.0.8"
  checksum: 673b094f61a884e91d6c8974ff73f820538f3a6f906f33f8daf6d9a9a991d7f853a5c5d4d86e63e12ed6749489ab0f95a23b9da5ac3b0fdee3082624388e2da3
  languageName: node
  linkType: hard

"uuid@npm:^9.0.0":
  version: 9.0.1
  resolution: "uuid@npm:9.0.1"
  bin:
    uuid: dist/bin/uuid
  checksum: 1e8544639b27fbae6a51b4b64d1b2c707c91abb70e3c478819e9dbe3982cbf246bbc749196ce1440d1d0fcc10811d27a2c3127f64b570d168dc7a2e664bf36b9
  languageName: node
  linkType: hard

"webidl-conversions@npm:^3.0.0":
  version: 3.0.1
  resolution: "webidl-conversions@npm:3.0.1"
  checksum: 57c8c5fdd986be5432ea6adacd87d6757144289d3b48b33441e7310bd4f4f6d782dd34acbd74d61e923c142cc50333d27ba58235692fa7248541c0bcce2563e1
  languageName: node
  linkType: hard

"whatwg-url@npm:^5.0.0":
  version: 5.0.0
  resolution: "whatwg-url@npm:5.0.0"
  dependencies:
    tr46: "npm:~0.0.3"
    webidl-conversions: "npm:^3.0.0"
  checksum: bd0cc6b75b84b3d032e30712e2f40eefbc07ecd14f093e87b2f81bb68bce10a3961e8eb646a7a8cc9c2352548fb501eeff668c8b2595fd7c6ea91d1406ce11ee
  languageName: node
  linkType: hard
